
Microsoft Visual Studio Solution File, Format Version 12.00
# Visual Studio Version 16
VisualStudioVersion = 16.0.31005.135
MinimumVisualStudioVersion = 10.0.40219.1
Project("{FAE04EC0-301F-11D3-BF4B-00C04F79EFBC}") = "MyDictionaryProject", "MyDictionaryProject\MyDictionaryProject.csproj", "{D5E8F923-A77F-476D-8634-A9B0241ED796}"
EndProject
Global
	GlobalSection(SolutionConfigurationPlatforms) = preSolution
		Debug|Any CPU = Debug|Any CPU
		Release|Any CPU = Release|Any CPU
	EndGlobalSection
	GlobalSection(ProjectConfigurationPlatforms) = postSolution
		{D5E8F923-A77F-476D-8634-A9B0241ED796}.Debug|Any CPU.ActiveCfg = Debug|Any CPU
		{D5E8F923-A77F-476D-8634-A9B0241ED796}.Debug|Any CPU.Build.0 = Debug|Any CPU
		{D5E8F923-A77F-476D-8634-A9B0241ED796}.Release|Any CPU.ActiveCfg = Release|Any CPU
		{D5E8F923-A77F-476D-8634-A9B0241ED796}.Release|Any CPU.Build.0 = Release|Any CPU
	EndGlobalSection
	GlobalSection(SolutionProperties) = preSolution
		HideSolutionNode = FALSE
	EndGlobalSection
	GlobalSection(ExtensibilityGlobals) = postSolution
		SolutionGuid = {B191F24A-4EBB-4173-877F-76533C6DA238}
	EndGlobalSection
EndGlobal
